
Microsoft Visual Studio Solution File, Format Version 12.00
# Visual Studio Version 17
VisualStudioVersion = 17.4.32916.344
MinimumVisualStudioVersion = 10.0.40219.1
Project("{9A19103F-16F7-4668-BE54-9A1E7A4F7556}") = "EmojiSvc", "src\EmojiSvc\EmojiSvc.csproj", "{91E43A64-33EA-43F9-A269-AE2574874165}"
EndProject
Project("{9A19103F-16F7-4668-BE54-9A1E7A4F7556}") = "EmojiSvc.Tests", "src\EmojiSvc.Tests\EmojiSvc.Tests.csproj", "{15287F9A-B3C6-46D8-A769-2B0F2FAEBBA9}"
EndProject
Project("{9A19103F-16F7-4668-BE54-9A1E7A4F7556}") = "EmojiVoting", "src\EmojiVoting\EmojiVoting.csproj", "{54412D52-17D8-46F1-997A-F1F3F0EACDCB}"
EndProject
Project("{9A19103F-16F7-4668-BE54-9A1E7A4F7556}") = "EmojiVoting.Tests", "src\EmojiVoting.Tests\EmojiVoting.Tests.csproj", "{09B4932A-8BAB-4BF8-9DE4-005062E60128}"
EndProject
Project("{2150E333-8FDC-42A3-9474-1A3956D46DE8}") = "Misc", "Misc", "{80853468-DDD4-4FF7-8D13-C4EB6FE83412}"
	ProjectSection(SolutionItems) = preProject
		.editorconfig = .editorconfig
		.github\workflows\build-workflow.yml = .github\workflows\build-workflow.yml
		build.cake = build.cake
		build.ps1 = build.ps1
		build.sh = build.sh
		deploy.ps1 = deploy.ps1
		GitVersion.yml = GitVersion.yml
		global.json = global.json
		push.ps1 = push.ps1
		README.md = README.md
		renovate.json = renovate.json
	EndProjectSection
EndProject
Project("{9A19103F-16F7-4668-BE54-9A1E7A4F7556}") = "EmojiUI", "src\EmojiUI\EmojiUI.csproj", "{591966B8-F8A9-4416-A3A1-CC6105B93C8A}"
EndProject
Project("{9A19103F-16F7-4668-BE54-9A1E7A4F7556}") = "EmojiVoteBot", "src\EmojiVoteBot\EmojiVoteBot.csproj", "{28BF8E5A-60FA-434B-9146-F546EE576EFE}"
EndProject
Project("{9A19103F-16F7-4668-BE54-9A1E7A4F7556}") = "EmojiShared", "src\EmojiShared\EmojiShared.csproj", "{83149C95-DE08-4C7C-A435-97A23219C35F}"
EndProject
Project("{2150E333-8FDC-42A3-9474-1A3956D46DE8}") = ".config", ".config", "{A64CDCE9-2297-4559-971C-CC884E58CE25}"
	ProjectSection(SolutionItems) = preProject
		.config\dotnet-tools.json = .config\dotnet-tools.json
	EndProjectSection
EndProject
Project("{2150E333-8FDC-42A3-9474-1A3956D46DE8}") = ".github", ".github", "{D1888220-58E4-4BE7-A4F6-63B4A4435A69}"
	ProjectSection(SolutionItems) = preProject
		.github\dependabot.yml = .github\dependabot.yml
		.github\release.yml = .github\release.yml
	EndProjectSection
EndProject
Global
	GlobalSection(SolutionConfigurationPlatforms) = preSolution
		Debug|Any CPU = Debug|Any CPU
		Release|Any CPU = Release|Any CPU
	EndGlobalSection
	GlobalSection(ProjectConfigurationPlatforms) = postSolution
		{91E43A64-33EA-43F9-A269-AE2574874165}.Debug|Any CPU.ActiveCfg = Debug|Any CPU
		{91E43A64-33EA-43F9-A269-AE2574874165}.Debug|Any CPU.Build.0 = Debug|Any CPU
		{91E43A64-33EA-43F9-A269-AE2574874165}.Release|Any CPU.ActiveCfg = Release|Any CPU
		{91E43A64-33EA-43F9-A269-AE2574874165}.Release|Any CPU.Build.0 = Release|Any CPU
		{15287F9A-B3C6-46D8-A769-2B0F2FAEBBA9}.Debug|Any CPU.ActiveCfg = Debug|Any CPU
		{15287F9A-B3C6-46D8-A769-2B0F2FAEBBA9}.Debug|Any CPU.Build.0 = Debug|Any CPU
		{15287F9A-B3C6-46D8-A769-2B0F2FAEBBA9}.Release|Any CPU.ActiveCfg = Release|Any CPU
		{15287F9A-B3C6-46D8-A769-2B0F2FAEBBA9}.Release|Any CPU.Build.0 = Release|Any CPU
		{54412D52-17D8-46F1-997A-F1F3F0EACDCB}.Debug|Any CPU.ActiveCfg = Debug|Any CPU
		{54412D52-17D8-46F1-997A-F1F3F0EACDCB}.Debug|Any CPU.Build.0 = Debug|Any CPU
		{54412D52-17D8-46F1-997A-F1F3F0EACDCB}.Release|Any CPU.ActiveCfg = Release|Any CPU
		{54412D52-17D8-46F1-997A-F1F3F0EACDCB}.Release|Any CPU.Build.0 = Release|Any CPU
		{09B4932A-8BAB-4BF8-9DE4-005062E60128}.Debug|Any CPU.ActiveCfg = Debug|Any CPU
		{09B4932A-8BAB-4BF8-9DE4-005062E60128}.Debug|Any CPU.Build.0 = Debug|Any CPU
		{09B4932A-8BAB-4BF8-9DE4-005062E60128}.Release|Any CPU.ActiveCfg = Release|Any CPU
		{09B4932A-8BAB-4BF8-9DE4-005062E60128}.Release|Any CPU.Build.0 = Release|Any CPU
		{591966B8-F8A9-4416-A3A1-CC6105B93C8A}.Debug|Any CPU.ActiveCfg = Debug|Any CPU
		{591966B8-F8A9-4416-A3A1-CC6105B93C8A}.Debug|Any CPU.Build.0 = Debug|Any CPU
		{591966B8-F8A9-4416-A3A1-CC6105B93C8A}.Release|Any CPU.ActiveCfg = Release|Any CPU
		{591966B8-F8A9-4416-A3A1-CC6105B93C8A}.Release|Any CPU.Build.0 = Release|Any CPU
		{28BF8E5A-60FA-434B-9146-F546EE576EFE}.Debug|Any CPU.ActiveCfg = Debug|Any CPU
		{28BF8E5A-60FA-434B-9146-F546EE576EFE}.Debug|Any CPU.Build.0 = Debug|Any CPU
		{28BF8E5A-60FA-434B-9146-F546EE576EFE}.Release|Any CPU.ActiveCfg = Release|Any CPU
		{28BF8E5A-60FA-434B-9146-F546EE576EFE}.Release|Any CPU.Build.0 = Release|Any CPU
		{83149C95-DE08-4C7C-A435-97A23219C35F}.Debug|Any CPU.ActiveCfg = Debug|Any CPU
		{83149C95-DE08-4C7C-A435-97A23219C35F}.Debug|Any CPU.Build.0 = Debug|Any CPU
		{83149C95-DE08-4C7C-A435-97A23219C35F}.Release|Any CPU.ActiveCfg = Release|Any CPU
		{83149C95-DE08-4C7C-A435-97A23219C35F}.Release|Any CPU.Build.0 = Release|Any CPU
	EndGlobalSection
	GlobalSection(SolutionProperties) = preSolution
		HideSolutionNode = FALSE
	EndGlobalSection
	GlobalSection(NestedProjects) = preSolution
		{A64CDCE9-2297-4559-971C-CC884E58CE25} = {80853468-DDD4-4FF7-8D13-C4EB6FE83412}
		{D1888220-58E4-4BE7-A4F6-63B4A4435A69} = {80853468-DDD4-4FF7-8D13-C4EB6FE83412}
	EndGlobalSection
	GlobalSection(ExtensibilityGlobals) = postSolution
		SolutionGuid = {3167FBE7-F712-475C-BF1D-4A3500A66BDE}
	EndGlobalSection
EndGlobal
